
Microsoft Visual Studio Solution File, Format Version 12.00
# Visual Studio 15
VisualStudioVersion = 15.0.27703.2000
MinimumVisualStudioVersion = 10.0.40219.1
Project("{FAE04EC0-301F-11D3-BF4B-00C04F79EFBC}") = "XSC", "XSC\XSC.csproj", "{91AF0D00-BD98-4716-B01B-C35D1EF289B5}"
EndProject
Project("{FAE04EC0-301F-11D3-BF4B-00C04F79EFBC}") = "XSC.Tests", "XSC.Tests\XSC.Tests.csproj", "{F8BD7A47-C0EB-4F7A-A81C-DE8ECB31EB87}"
EndProject
Project("{FAE04EC0-301F-11D3-BF4B-00C04F79EFBC}") = "XSC.Core", "XSC.Core\XSC.Core.csproj", "{D56F77D6-1DD1-48DE-B073-3EA713960B6B}"
EndProject
Global
	GlobalSection(SolutionConfigurationPlatforms) = preSolution
		Debug|Any CPU = Debug|Any CPU
		Release|Any CPU = Release|Any CPU
	EndGlobalSection
	GlobalSection(ProjectConfigurationPlatforms) = postSolution
		{91AF0D00-BD98-4716-B01B-C35D1EF289B5}.Debug|Any CPU.ActiveCfg = Debug|Any CPU
		{91AF0D00-BD98-4716-B01B-C35D1EF289B5}.Debug|Any CPU.Build.0 = Debug|Any CPU
		{91AF0D00-BD98-4716-B01B-C35D1EF289B5}.Release|Any CPU.ActiveCfg = Release|Any CPU
		{91AF0D00-BD98-4716-B01B-C35D1EF289B5}.Release|Any CPU.Build.0 = Release|Any CPU
		{F8BD7A47-C0EB-4F7A-A81C-DE8ECB31EB87}.Debug|Any CPU.ActiveCfg = Debug|Any CPU
		{F8BD7A47-C0EB-4F7A-A81C-DE8ECB31EB87}.Debug|Any CPU.Build.0 = Debug|Any CPU
		{F8BD7A47-C0EB-4F7A-A81C-DE8ECB31EB87}.Release|Any CPU.ActiveCfg = Release|Any CPU
		{F8BD7A47-C0EB-4F7A-A81C-DE8ECB31EB87}.Release|Any CPU.Build.0 = Release|Any CPU
		{D56F77D6-1DD1-48DE-B073-3EA713960B6B}.Debug|Any CPU.ActiveCfg = Debug|Any CPU
		{D56F77D6-1DD1-48DE-B073-3EA713960B6B}.Debug|Any CPU.Build.0 = Debug|Any CPU
		{D56F77D6-1DD1-48DE-B073-3EA713960B6B}.Release|Any CPU.ActiveCfg = Release|Any CPU
		{D56F77D6-1DD1-48DE-B073-3EA713960B6B}.Release|Any CPU.Build.0 = Release|Any CPU
	EndGlobalSection
	GlobalSection(SolutionProperties) = preSolution
		HideSolutionNode = FALSE
	EndGlobalSection
	GlobalSection(ExtensibilityGlobals) = postSolution
		SolutionGuid = {408193B0-CFB3-4489-BCDA-4CAF8A35C399}
	EndGlobalSection
EndGlobal
